
Microsoft Visual Studio Solution File, Format Version 12.00
# Visual Studio Version 17
VisualStudioVersion = 17.6.33801.468
MinimumVisualStudioVersion = 10.0.40219.1
Project("{9A19103F-16F7-4668-BE54-9A1E7A4F7556}") = "Membership.Shared", "Membership.Shared\Membership.Shared.csproj", "{E5946DB5-EE70-4040-9EBD-2747E7DDEC27}"
EndProject
Project("{2150E333-8FDC-42A3-9474-1A3956D46DE8}") = "Backend", "Backend", "{66C0ADE4-2515-4C81-8B4B-67479BD5F7AF}"
EndProject
Project("{2150E333-8FDC-42A3-9474-1A3956D46DE8}") = "Frontend", "Frontend", "{7C86A49F-7B86-4A23-9E40-3B7AE79BCFDD}"
EndProject
Project("{2150E333-8FDC-42A3-9474-1A3956D46DE8}") = "Shared", "Shared", "{89F4B0ED-F01D-4760-839A-691DAE2F429B}"
EndProject
Project("{2150E333-8FDC-42A3-9474-1A3956D46DE8}") = "MembershipConsumers", "MembershipConsumers", "{ADADBE4A-6246-46D9-BAD5-85BE42966622}"
EndProject
Project("{9A19103F-16F7-4668-BE54-9A1E7A4F7556}") = "Membership.Shared.Validators", "Membership.Shared.Validators\Membership.Shared.Validators.csproj", "{B9D6F6B1-BCA0-4BDF-B82D-5DC7BFA26B2A}"
EndProject
Project("{9A19103F-16F7-4668-BE54-9A1E7A4F7556}") = "Membership.Shared.MessageLocalizer", "Membership.Shared.MessageLocalizer\Membership.Shared.MessageLocalizer.csproj", "{831485DE-2E8A-4B91-94AA-F51BA6F0F104}"
EndProject
Project("{9A19103F-16F7-4668-BE54-9A1E7A4F7556}") = "Membership.Abstractions", "Membership.Abstractions\Membership.Abstractions.csproj", "{D3830B44-0627-4BA2-8E26-B51BC3B1D219}"
EndProject
Project("{9A19103F-16F7-4668-BE54-9A1E7A4F7556}") = "Membership.Core", "Membership.Core\Membership.Core.csproj", "{EBDDB349-2428-4049-BF81-D82E78A18287}"
EndProject
Project("{9A19103F-16F7-4668-BE54-9A1E7A4F7556}") = "Membership.RefreshTokenService.MemoryCache", "Membership.RefreshTokenService.MemoryCache\Membership.RefreshTokenService.MemoryCache.csproj", "{615E7015-DBAB-47A1-A035-68DAEC98D58F}"
EndProject
Project("{9A19103F-16F7-4668-BE54-9A1E7A4F7556}") = "Membership.UserManagerService.AspNetIdentity", "Membership.UserManagerService.AspNetIdentity\Membership.UserManagerService.AspNetIdentity.csproj", "{1196CA14-EBFA-4D12-AFE5-2FD342AF6A93}"
EndProject
Project("{9A19103F-16F7-4668-BE54-9A1E7A4F7556}") = "Membership.ExceptionHandlerMiddleware", "Membership.ExceptionHandlerMiddleware\Membership.ExceptionHandlerMiddleware.csproj", "{F4668592-53CA-48B4-BAD1-5F507611CC85}"
EndProject
Project("{9A19103F-16F7-4668-BE54-9A1E7A4F7556}") = "WebAPI", "WebAPI\WebAPI.csproj", "{02EB24DE-73BE-4A55-917C-66A04F3A6E6E}"
EndProject
Project("{9A19103F-16F7-4668-BE54-9A1E7A4F7556}") = "BlazorWasmApp", "BlazorWasmApp\BlazorWasmApp.csproj", "{4767ACC1-5183-48F6-AFF8-DE1747CDAF50}"
EndProject
Project("{2150E333-8FDC-42A3-9474-1A3956D46DE8}") = "Membership", "Membership", "{16A66C51-7ADD-4EED-8364-F852B74A42FF}"
EndProject
Project("{2150E333-8FDC-42A3-9474-1A3956D46DE8}") = "Blazor", "Blazor", "{3AFD4267-8558-43D5-A567-AF6C1669A8E4}"
EndProject
Project("{9A19103F-16F7-4668-BE54-9A1E7A4F7556}") = "Membership.Blazor", "Membership.Blazor\Membership.Blazor.csproj", "{0F12F106-2A1C-4A30-BFC1-D69B393C87CF}"
EndProject
Project("{2150E333-8FDC-42A3-9474-1A3956D46DE8}") = "MVC", "MVC", "{F6D496D3-A06D-48B2-B849-392D600943D4}"
EndProject
Project("{9A19103F-16F7-4668-BE54-9A1E7A4F7556}") = "Membership.Shared.OAuth", "Membership.Shared.OAuth\Membership.Shared.OAuth.csproj", "{C027FC9B-948C-400A-926C-0B24F8CF3F6D}"
EndProject
Global
	GlobalSection(SolutionConfigurationPlatforms) = preSolution
		Debug|Any CPU = Debug|Any CPU
		Release|Any CPU = Release|Any CPU
	EndGlobalSection
	GlobalSection(ProjectConfigurationPlatforms) = postSolution
		{E5946DB5-EE70-4040-9EBD-2747E7DDEC27}.Debug|Any CPU.ActiveCfg = Debug|Any CPU
		{E5946DB5-EE70-4040-9EBD-2747E7DDEC27}.Debug|Any CPU.Build.0 = Debug|Any CPU
		{E5946DB5-EE70-4040-9EBD-2747E7DDEC27}.Release|Any CPU.ActiveCfg = Release|Any CPU
		{E5946DB5-EE70-4040-9EBD-2747E7DDEC27}.Release|Any CPU.Build.0 = Release|Any CPU
		{B9D6F6B1-BCA0-4BDF-B82D-5DC7BFA26B2A}.Debug|Any CPU.ActiveCfg = Debug|Any CPU
		{B9D6F6B1-BCA0-4BDF-B82D-5DC7BFA26B2A}.Debug|Any CPU.Build.0 = Debug|Any CPU
		{B9D6F6B1-BCA0-4BDF-B82D-5DC7BFA26B2A}.Release|Any CPU.ActiveCfg = Release|Any CPU
		{B9D6F6B1-BCA0-4BDF-B82D-5DC7BFA26B2A}.Release|Any CPU.Build.0 = Release|Any CPU
		{831485DE-2E8A-4B91-94AA-F51BA6F0F104}.Debug|Any CPU.ActiveCfg = Debug|Any CPU
		{831485DE-2E8A-4B91-94AA-F51BA6F0F104}.Debug|Any CPU.Build.0 = Debug|Any CPU
		{831485DE-2E8A-4B91-94AA-F51BA6F0F104}.Release|Any CPU.ActiveCfg = Release|Any CPU
		{831485DE-2E8A-4B91-94AA-F51BA6F0F104}.Release|Any CPU.Build.0 = Release|Any CPU
		{D3830B44-0627-4BA2-8E26-B51BC3B1D219}.Debug|Any CPU.ActiveCfg = Debug|Any CPU
		{D3830B44-0627-4BA2-8E26-B51BC3B1D219}.Debug|Any CPU.Build.0 = Debug|Any CPU
		{D3830B44-0627-4BA2-8E26-B51BC3B1D219}.Release|Any CPU.ActiveCfg = Release|Any CPU
		{D3830B44-0627-4BA2-8E26-B51BC3B1D219}.Release|Any CPU.Build.0 = Release|Any CPU
		{EBDDB349-2428-4049-BF81-D82E78A18287}.Debug|Any CPU.ActiveCfg = Debug|Any CPU
		{EBDDB349-2428-4049-BF81-D82E78A18287}.Debug|Any CPU.Build.0 = Debug|Any CPU
		{EBDDB349-2428-4049-BF81-D82E78A18287}.Release|Any CPU.ActiveCfg = Release|Any CPU
		{EBDDB349-2428-4049-BF81-D82E78A18287}.Release|Any CPU.Build.0 = Release|Any CPU
		{615E7015-DBAB-47A1-A035-68DAEC98D58F}.Debug|Any CPU.ActiveCfg = Debug|Any CPU
		{615E7015-DBAB-47A1-A035-68DAEC98D58F}.Debug|Any CPU.Build.0 = Debug|Any CPU
		{615E7015-DBAB-47A1-A035-68DAEC98D58F}.Release|Any CPU.ActiveCfg = Release|Any CPU
		{615E7015-DBAB-47A1-A035-68DAEC98D58F}.Release|Any CPU.Build.0 = Release|Any CPU
		{1196CA14-EBFA-4D12-AFE5-2FD342AF6A93}.Debug|Any CPU.ActiveCfg = Debug|Any CPU
		{1196CA14-EBFA-4D12-AFE5-2FD342AF6A93}.Debug|Any CPU.Build.0 = Debug|Any CPU
		{1196CA14-EBFA-4D12-AFE5-2FD342AF6A93}.Release|Any CPU.ActiveCfg = Release|Any CPU
		{1196CA14-EBFA-4D12-AFE5-2FD342AF6A93}.Release|Any CPU.Build.0 = Release|Any CPU
		{F4668592-53CA-48B4-BAD1-5F507611CC85}.Debug|Any CPU.ActiveCfg = Debug|Any CPU
		{F4668592-53CA-48B4-BAD1-5F507611CC85}.Debug|Any CPU.Build.0 = Debug|Any CPU
		{F4668592-53CA-48B4-BAD1-5F507611CC85}.Release|Any CPU.ActiveCfg = Release|Any CPU
		{F4668592-53CA-48B4-BAD1-5F507611CC85}.Release|Any CPU.Build.0 = Release|Any CPU
		{02EB24DE-73BE-4A55-917C-66A04F3A6E6E}.Debug|Any CPU.ActiveCfg = Debug|Any CPU
		{02EB24DE-73BE-4A55-917C-66A04F3A6E6E}.Debug|Any CPU.Build.0 = Debug|Any CPU
		{02EB24DE-73BE-4A55-917C-66A04F3A6E6E}.Release|Any CPU.ActiveCfg = Release|Any CPU
		{02EB24DE-73BE-4A55-917C-66A04F3A6E6E}.Release|Any CPU.Build.0 = Release|Any CPU
		{4767ACC1-5183-48F6-AFF8-DE1747CDAF50}.Debug|Any CPU.ActiveCfg = Debug|Any CPU
		{4767ACC1-5183-48F6-AFF8-DE1747CDAF50}.Debug|Any CPU.Build.0 = Debug|Any CPU
		{4767ACC1-5183-48F6-AFF8-DE1747CDAF50}.Release|Any CPU.ActiveCfg = Release|Any CPU
		{4767ACC1-5183-48F6-AFF8-DE1747CDAF50}.Release|Any CPU.Build.0 = Release|Any CPU
		{0F12F106-2A1C-4A30-BFC1-D69B393C87CF}.Debug|Any CPU.ActiveCfg = Debug|Any CPU
		{0F12F106-2A1C-4A30-BFC1-D69B393C87CF}.Debug|Any CPU.Build.0 = Debug|Any CPU
		{0F12F106-2A1C-4A30-BFC1-D69B393C87CF}.Release|Any CPU.ActiveCfg = Release|Any CPU
		{0F12F106-2A1C-4A30-BFC1-D69B393C87CF}.Release|Any CPU.Build.0 = Release|Any CPU
		{C027FC9B-948C-400A-926C-0B24F8CF3F6D}.Debug|Any CPU.ActiveCfg = Debug|Any CPU
		{C027FC9B-948C-400A-926C-0B24F8CF3F6D}.Debug|Any CPU.Build.0 = Debug|Any CPU
		{C027FC9B-948C-400A-926C-0B24F8CF3F6D}.Release|Any CPU.ActiveCfg = Release|Any CPU
		{C027FC9B-948C-400A-926C-0B24F8CF3F6D}.Release|Any CPU.Build.0 = Release|Any CPU
	EndGlobalSection
	GlobalSection(SolutionProperties) = preSolution
		HideSolutionNode = FALSE
	EndGlobalSection
	GlobalSection(NestedProjects) = preSolution
		{E5946DB5-EE70-4040-9EBD-2747E7DDEC27} = {89F4B0ED-F01D-4760-839A-691DAE2F429B}
		{66C0ADE4-2515-4C81-8B4B-67479BD5F7AF} = {16A66C51-7ADD-4EED-8364-F852B74A42FF}
		{7C86A49F-7B86-4A23-9E40-3B7AE79BCFDD} = {16A66C51-7ADD-4EED-8364-F852B74A42FF}
		{89F4B0ED-F01D-4760-839A-691DAE2F429B} = {16A66C51-7ADD-4EED-8364-F852B74A42FF}
		{B9D6F6B1-BCA0-4BDF-B82D-5DC7BFA26B2A} = {89F4B0ED-F01D-4760-839A-691DAE2F429B}
		{831485DE-2E8A-4B91-94AA-F51BA6F0F104} = {89F4B0ED-F01D-4760-839A-691DAE2F429B}
		{D3830B44-0627-4BA2-8E26-B51BC3B1D219} = {66C0ADE4-2515-4C81-8B4B-67479BD5F7AF}
		{EBDDB349-2428-4049-BF81-D82E78A18287} = {66C0ADE4-2515-4C81-8B4B-67479BD5F7AF}
		{615E7015-DBAB-47A1-A035-68DAEC98D58F} = {66C0ADE4-2515-4C81-8B4B-67479BD5F7AF}
		{1196CA14-EBFA-4D12-AFE5-2FD342AF6A93} = {66C0ADE4-2515-4C81-8B4B-67479BD5F7AF}
		{F4668592-53CA-48B4-BAD1-5F507611CC85} = {66C0ADE4-2515-4C81-8B4B-67479BD5F7AF}
		{02EB24DE-73BE-4A55-917C-66A04F3A6E6E} = {ADADBE4A-6246-46D9-BAD5-85BE42966622}
		{4767ACC1-5183-48F6-AFF8-DE1747CDAF50} = {ADADBE4A-6246-46D9-BAD5-85BE42966622}
		{3AFD4267-8558-43D5-A567-AF6C1669A8E4} = {7C86A49F-7B86-4A23-9E40-3B7AE79BCFDD}
		{0F12F106-2A1C-4A30-BFC1-D69B393C87CF} = {3AFD4267-8558-43D5-A567-AF6C1669A8E4}
		{F6D496D3-A06D-48B2-B849-392D600943D4} = {7C86A49F-7B86-4A23-9E40-3B7AE79BCFDD}
		{C027FC9B-948C-400A-926C-0B24F8CF3F6D} = {89F4B0ED-F01D-4760-839A-691DAE2F429B}
	EndGlobalSection
	GlobalSection(ExtensibilityGlobals) = postSolution
		SolutionGuid = {C270B243-51C7-4039-BF8B-9D8F6EDC80FA}
	EndGlobalSection
EndGlobal
